PODS:
  - FBSnapshotTestCase (2.1.4):
    - FBSnapshotTestCase/SwiftSupport (= 2.1.4)
  - FBSnapshotTestCase/Core (2.1.4)
  - FBSnapshotTestCase/SwiftSupport (2.1.4):
    - FBSnapshotTestCase/Core
  - IPaInfiniteScrollController (1.0)

DEPENDENCIES:
  - FBSnapshotTestCase (~> 2.1.4)
  - IPaInfiniteScrollController (from `../`)

SPEC REPOS:
  trunk:
    - FBSnapshotTestCase

EXTERNAL SOURCES:
  IPaInfiniteScrollController:
    :path: "../"

SPEC CHECKSUMS:
  FBSnapshotTestCase: 094f9f314decbabe373b87cc339bea235a63e07a
  IPaInfiniteScrollController: 6033c339a44983b7cac20e93770d43a1a54ec9b2

PODFILE CHECKSUM: e5e0bc113f7cc070a2365f2f0bf0d7dc02854135

COCOAPODS: 1.10.0
